
Microsoft Visual Studio Solution File, Format Version 12.00
Project("{FAE04EC0-301F-11D3-BF4B-00C04F79EFBC}") = "Outlook Manager", "Outlook Manager\Outlook Manager.csproj", "{3A0410C7-907E-4AEB-933B-80E196514A2B}"
EndProject
Global
	GlobalSection(SolutionConfigurationPlatforms) = preSolution
		Debug|Any CPU = Debug|Any CPU
		Release|Any CPU = Release|Any CPU
	EndGlobalSection
	GlobalSection(ProjectConfigurationPlatforms) = postSolution
		{3A0410C7-907E-4AEB-933B-80E196514A2B}.Debug|Any CPU.ActiveCfg = Debug|Any CPU
		{3A0410C7-907E-4AEB-933B-80E196514A2B}.Debug|Any CPU.Build.0 = Debug|Any CPU
		{3A0410C7-907E-4AEB-933B-80E196514A2B}.Release|Any CPU.ActiveCfg = Release|Any CPU
		{3A0410C7-907E-4AEB-933B-80E196514A2B}.Release|Any CPU.Build.0 = Release|Any CPU
	EndGlobalSection
EndGlobal
